
Microsoft Visual Studio Solution File, Format Version 12.00
# Visual Studio Version 17
VisualStudioVersion = 17.10.35122.118
MinimumVisualStudioVersion = 10.0.40219.1
Project("{FAE04EC0-301F-11D3-BF4B-00C04F79EFBC}") = "dicegame", "dicegame\dicegame.csproj", "{19A96E4E-7653-49FD-B2F9-0F8F4BCB58AF}"
EndProject
Global
	GlobalSection(SolutionConfigurationPlatforms) = preSolution
		Debug|Any CPU = Debug|Any CPU
		Release|Any CPU = Release|Any CPU
	EndGlobalSection
	GlobalSection(ProjectConfigurationPlatforms) = postSolution
		{19A96E4E-7653-49FD-B2F9-0F8F4BCB58AF}.Debug|Any CPU.ActiveCfg = Debug|Any CPU
		{19A96E4E-7653-49FD-B2F9-0F8F4BCB58AF}.Debug|Any CPU.Build.0 = Debug|Any CPU
		{19A96E4E-7653-49FD-B2F9-0F8F4BCB58AF}.Release|Any CPU.ActiveCfg = Release|Any CPU
		{19A96E4E-7653-49FD-B2F9-0F8F4BCB58AF}.Release|Any CPU.Build.0 = Release|Any CPU
	EndGlobalSection
	GlobalSection(SolutionProperties) = preSolution
		HideSolutionNode = FALSE
	EndGlobalSection
	GlobalSection(ExtensibilityGlobals) = postSolution
		SolutionGuid = {C7F1580F-F5A2-4551-B853-7EABEF380319}
	EndGlobalSection
EndGlobal
